
Microsoft Visual Studio Solution File, Format Version 12.00
# Visual Studio 2012
Project("{FAE04EC0-301F-11D3-BF4B-00C04F79EFBC}") = "BandPowerpointRemote.iOS", "iOS\BandPowerpointRemote.iOS.csproj", "{2BE393C8-143D-485C-9255-DBA4474F2753}"
EndProject
Project("{FAE04EC0-301F-11D3-BF4B-00C04F79EFBC}") = "band-powerpoint-remote.Droid", "Droid\band-powerpoint-remote.Droid.csproj", "{33F88316-E405-4B82-93BE-E400E9276F31}"
EndProject
Project("{FAE04EC0-301F-11D3-BF4B-00C04F79EFBC}") = "band-powerpoint-remote.UITests", "UITests\band-powerpoint-remote.UITests.csproj", "{BF707043-C343-4638-B967-7395056E1D06}"
EndProject
Project("{FAE04EC0-301F-11D3-BF4B-00C04F79EFBC}") = "BandPowerpointRemote.Core", "BandPowerpointRemote.Core\BandPowerpointRemote.Core.csproj", "{B9E73FF9-1A41-4AB3-AB9B-81AB0A594CD2}"
EndProject
Global
	GlobalSection(SolutionConfigurationPlatforms) = preSolution
		Debug|iPhoneSimulator = Debug|iPhoneSimulator
		Release|iPhone = Release|iPhone
		Release|iPhoneSimulator = Release|iPhoneSimulator
		Debug|iPhone = Debug|iPhone
		Debug|Any CPU = Debug|Any CPU
		Release|Any CPU = Release|Any CPU
	EndGlobalSection
	GlobalSection(ProjectConfigurationPlatforms) = postSolution
		{2BE393C8-143D-485C-9255-DBA4474F2753}.Debug|Any CPU.ActiveCfg = Debug|iPhoneSimulator
		{2BE393C8-143D-485C-9255-DBA4474F2753}.Debug|Any CPU.Build.0 = Debug|iPhoneSimulator
		{2BE393C8-143D-485C-9255-DBA4474F2753}.Debug|iPhone.ActiveCfg = Debug|iPhone
		{2BE393C8-143D-485C-9255-DBA4474F2753}.Debug|iPhone.Build.0 = Debug|iPhone
		{2BE393C8-143D-485C-9255-DBA4474F2753}.Debug|iPhoneSimulator.ActiveCfg = Debug|iPhoneSimulator
		{2BE393C8-143D-485C-9255-DBA4474F2753}.Debug|iPhoneSimulator.Build.0 = Debug|iPhoneSimulator
		{2BE393C8-143D-485C-9255-DBA4474F2753}.Release|Any CPU.ActiveCfg = Release|iPhone
		{2BE393C8-143D-485C-9255-DBA4474F2753}.Release|Any CPU.Build.0 = Release|iPhone
		{2BE393C8-143D-485C-9255-DBA4474F2753}.Release|iPhone.ActiveCfg = Release|iPhone
		{2BE393C8-143D-485C-9255-DBA4474F2753}.Release|iPhone.Build.0 = Release|iPhone
		{2BE393C8-143D-485C-9255-DBA4474F2753}.Release|iPhoneSimulator.ActiveCfg = Release|iPhoneSimulator
		{2BE393C8-143D-485C-9255-DBA4474F2753}.Release|iPhoneSimulator.Build.0 = Release|iPhoneSimulator
		{33F88316-E405-4B82-93BE-E400E9276F31}.Debug|Any CPU.ActiveCfg = Debug|Any CPU
		{33F88316-E405-4B82-93BE-E400E9276F31}.Debug|Any CPU.Build.0 = Debug|Any CPU
		{33F88316-E405-4B82-93BE-E400E9276F31}.Debug|iPhone.ActiveCfg = Debug|Any CPU
		{33F88316-E405-4B82-93BE-E400E9276F31}.Debug|iPhone.Build.0 = Debug|Any CPU
		{33F88316-E405-4B82-93BE-E400E9276F31}.Debug|iPhoneSimulator.ActiveCfg = Debug|Any CPU
		{33F88316-E405-4B82-93BE-E400E9276F31}.Debug|iPhoneSimulator.Build.0 = Debug|Any CPU
		{33F88316-E405-4B82-93BE-E400E9276F31}.Release|Any CPU.ActiveCfg = Release|Any CPU
		{33F88316-E405-4B82-93BE-E400E9276F31}.Release|Any CPU.Build.0 = Release|Any CPU
		{33F88316-E405-4B82-93BE-E400E9276F31}.Release|iPhone.ActiveCfg = Release|Any CPU
		{33F88316-E405-4B82-93BE-E400E9276F31}.Release|iPhone.Build.0 = Release|Any CPU
		{33F88316-E405-4B82-93BE-E400E9276F31}.Release|iPhoneSimulator.ActiveCfg = Release|Any CPU
		{33F88316-E405-4B82-93BE-E400E9276F31}.Release|iPhoneSimulator.Build.0 = Release|Any CPU
		{B9E73FF9-1A41-4AB3-AB9B-81AB0A594CD2}.Debug|Any CPU.ActiveCfg = Debug|Any CPU
		{B9E73FF9-1A41-4AB3-AB9B-81AB0A594CD2}.Debug|Any CPU.Build.0 = Debug|Any CPU
		{B9E73FF9-1A41-4AB3-AB9B-81AB0A594CD2}.Debug|iPhone.ActiveCfg = Debug|Any CPU
		{B9E73FF9-1A41-4AB3-AB9B-81AB0A594CD2}.Debug|iPhone.Build.0 = Debug|Any CPU
		{B9E73FF9-1A41-4AB3-AB9B-81AB0A594CD2}.Debug|iPhoneSimulator.ActiveCfg = Debug|Any CPU
		{B9E73FF9-1A41-4AB3-AB9B-81AB0A594CD2}.Debug|iPhoneSimulator.Build.0 = Debug|Any CPU
		{B9E73FF9-1A41-4AB3-AB9B-81AB0A594CD2}.Release|Any CPU.ActiveCfg = Release|Any CPU
		{B9E73FF9-1A41-4AB3-AB9B-81AB0A594CD2}.Release|Any CPU.Build.0 = Release|Any CPU
		{B9E73FF9-1A41-4AB3-AB9B-81AB0A594CD2}.Release|iPhone.ActiveCfg = Release|Any CPU
		{B9E73FF9-1A41-4AB3-AB9B-81AB0A594CD2}.Release|iPhone.Build.0 = Release|Any CPU
		{B9E73FF9-1A41-4AB3-AB9B-81AB0A594CD2}.Release|iPhoneSimulator.ActiveCfg = Release|Any CPU
		{B9E73FF9-1A41-4AB3-AB9B-81AB0A594CD2}.Release|iPhoneSimulator.Build.0 = Release|Any CPU
		{BF707043-C343-4638-B967-7395056E1D06}.Debug|Any CPU.ActiveCfg = Debug|Any CPU
		{BF707043-C343-4638-B967-7395056E1D06}.Debug|Any CPU.Build.0 = Debug|Any CPU
		{BF707043-C343-4638-B967-7395056E1D06}.Debug|iPhone.ActiveCfg = Debug|Any CPU
		{BF707043-C343-4638-B967-7395056E1D06}.Debug|iPhone.Build.0 = Debug|Any CPU
		{BF707043-C343-4638-B967-7395056E1D06}.Debug|iPhoneSimulator.ActiveCfg = Debug|Any CPU
		{BF707043-C343-4638-B967-7395056E1D06}.Debug|iPhoneSimulator.Build.0 = Debug|Any CPU
		{BF707043-C343-4638-B967-7395056E1D06}.Release|Any CPU.ActiveCfg = Release|Any CPU
		{BF707043-C343-4638-B967-7395056E1D06}.Release|Any CPU.Build.0 = Release|Any CPU
		{BF707043-C343-4638-B967-7395056E1D06}.Release|iPhone.ActiveCfg = Release|Any CPU
		{BF707043-C343-4638-B967-7395056E1D06}.Release|iPhone.Build.0 = Release|Any CPU
		{BF707043-C343-4638-B967-7395056E1D06}.Release|iPhoneSimulator.ActiveCfg = Release|Any CPU
		{BF707043-C343-4638-B967-7395056E1D06}.Release|iPhoneSimulator.Build.0 = Release|Any CPU
	EndGlobalSection
EndGlobal
