
Microsoft Visual Studio Solution File, Format Version 12.00
# Visual Studio 14
VisualStudioVersion = 14.0.23107.0
MinimumVisualStudioVersion = 10.0.40219.1
Project("{FAE04EC0-301F-11D3-BF4B-00C04F79EFBC}") = "BandPowerpointRemote.iOS", "iOS\BandPowerpointRemote.iOS.csproj", "{2BE393C8-143D-485C-9255-DBA4474F2753}"
EndProject
Project("{FAE04EC0-301F-11D3-BF4B-00C04F79EFBC}") = "band-powerpoint-remote.Droid", "Droid\band-powerpoint-remote.Droid.csproj", "{33F88316-E405-4B82-93BE-E400E9276F31}"
EndProject
Project("{FAE04EC0-301F-11D3-BF4B-00C04F79EFBC}") = "band-powerpoint-remote.UITests", "UITests\band-powerpoint-remote.UITests.csproj", "{BF707043-C343-4638-B967-7395056E1D06}"
EndProject
Project("{FAE04EC0-301F-11D3-BF4B-00C04F79EFBC}") = "BandPowerpointRemote.Core", "BandPowerpointRemote.Core\BandPowerpointRemote.Core.csproj", "{B9E73FF9-1A41-4AB3-AB9B-81AB0A594CD2}"
EndProject
Project("{FAE04EC0-301F-11D3-BF4B-00C04F79EFBC}") = "WinPhone", "WinPhone\WinPhone.csproj", "{91FEADE2-2518-4112-9736-6738106FACBF}"
EndProject
Global
	GlobalSection(SolutionConfigurationPlatforms) = preSolution
		Debug|Any CPU = Debug|Any CPU
		Debug|ARM = Debug|ARM
		Debug|iPhone = Debug|iPhone
		Debug|iPhoneSimulator = Debug|iPhoneSimulator
		Debug|Mixed Platforms = Debug|Mixed Platforms
		Debug|x64 = Debug|x64
		Debug|x86 = Debug|x86
		Release|Any CPU = Release|Any CPU
		Release|ARM = Release|ARM
		Release|iPhone = Release|iPhone
		Release|iPhoneSimulator = Release|iPhoneSimulator
		Release|Mixed Platforms = Release|Mixed Platforms
		Release|x64 = Release|x64
		Release|x86 = Release|x86
	EndGlobalSection
	GlobalSection(ProjectConfigurationPlatforms) = postSolution
		{2BE393C8-143D-485C-9255-DBA4474F2753}.Debug|Any CPU.ActiveCfg = Debug|iPhoneSimulator
		{2BE393C8-143D-485C-9255-DBA4474F2753}.Debug|Any CPU.Build.0 = Debug|iPhoneSimulator
		{2BE393C8-143D-485C-9255-DBA4474F2753}.Debug|ARM.ActiveCfg = Debug|iPhone
		{2BE393C8-143D-485C-9255-DBA4474F2753}.Debug|iPhone.ActiveCfg = Debug|iPhone
		{2BE393C8-143D-485C-9255-DBA4474F2753}.Debug|iPhone.Build.0 = Debug|iPhone
		{2BE393C8-143D-485C-9255-DBA4474F2753}.Debug|iPhoneSimulator.ActiveCfg = Debug|iPhoneSimulator
		{2BE393C8-143D-485C-9255-DBA4474F2753}.Debug|iPhoneSimulator.Build.0 = Debug|iPhoneSimulator
		{2BE393C8-143D-485C-9255-DBA4474F2753}.Debug|Mixed Platforms.ActiveCfg = Debug|iPhone
		{2BE393C8-143D-485C-9255-DBA4474F2753}.Debug|Mixed Platforms.Build.0 = Debug|iPhone
		{2BE393C8-143D-485C-9255-DBA4474F2753}.Debug|x64.ActiveCfg = Debug|iPhone
		{2BE393C8-143D-485C-9255-DBA4474F2753}.Debug|x86.ActiveCfg = Debug|iPhone
		{2BE393C8-143D-485C-9255-DBA4474F2753}.Release|Any CPU.ActiveCfg = Release|iPhone
		{2BE393C8-143D-485C-9255-DBA4474F2753}.Release|Any CPU.Build.0 = Release|iPhone
		{2BE393C8-143D-485C-9255-DBA4474F2753}.Release|ARM.ActiveCfg = Release|iPhoneSimulator
		{2BE393C8-143D-485C-9255-DBA4474F2753}.Release|iPhone.ActiveCfg = Release|iPhone
		{2BE393C8-143D-485C-9255-DBA4474F2753}.Release|iPhone.Build.0 = Release|iPhone
		{2BE393C8-143D-485C-9255-DBA4474F2753}.Release|iPhoneSimulator.ActiveCfg = Release|iPhoneSimulator
		{2BE393C8-143D-485C-9255-DBA4474F2753}.Release|iPhoneSimulator.Build.0 = Release|iPhoneSimulator
		{2BE393C8-143D-485C-9255-DBA4474F2753}.Release|Mixed Platforms.ActiveCfg = Release|iPhoneSimulator
		{2BE393C8-143D-485C-9255-DBA4474F2753}.Release|Mixed Platforms.Build.0 = Release|iPhoneSimulator
		{2BE393C8-143D-485C-9255-DBA4474F2753}.Release|x64.ActiveCfg = Release|iPhoneSimulator
		{2BE393C8-143D-485C-9255-DBA4474F2753}.Release|x86.ActiveCfg = Release|iPhoneSimulator
		{33F88316-E405-4B82-93BE-E400E9276F31}.Debug|Any CPU.ActiveCfg = Debug|Any CPU
		{33F88316-E405-4B82-93BE-E400E9276F31}.Debug|Any CPU.Build.0 = Debug|Any CPU
		{33F88316-E405-4B82-93BE-E400E9276F31}.Debug|ARM.ActiveCfg = Debug|Any CPU
		{33F88316-E405-4B82-93BE-E400E9276F31}.Debug|iPhone.ActiveCfg = Debug|Any CPU
		{33F88316-E405-4B82-93BE-E400E9276F31}.Debug|iPhone.Build.0 = Debug|Any CPU
		{33F88316-E405-4B82-93BE-E400E9276F31}.Debug|iPhoneSimulator.ActiveCfg = Debug|Any CPU
		{33F88316-E405-4B82-93BE-E400E9276F31}.Debug|iPhoneSimulator.Build.0 = Debug|Any CPU
		{33F88316-E405-4B82-93BE-E400E9276F31}.Debug|Mixed Platforms.ActiveCfg = Debug|Any CPU
		{33F88316-E405-4B82-93BE-E400E9276F31}.Debug|Mixed Platforms.Build.0 = Debug|Any CPU
		{33F88316-E405-4B82-93BE-E400E9276F31}.Debug|Mixed Platforms.Deploy.0 = Debug|Any CPU
		{33F88316-E405-4B82-93BE-E400E9276F31}.Debug|x64.ActiveCfg = Debug|Any CPU
		{33F88316-E405-4B82-93BE-E400E9276F31}.Debug|x64.Build.0 = Debug|Any CPU
		{33F88316-E405-4B82-93BE-E400E9276F31}.Debug|x64.Deploy.0 = Debug|Any CPU
		{33F88316-E405-4B82-93BE-E400E9276F31}.Debug|x86.ActiveCfg = Debug|Any CPU
		{33F88316-E405-4B82-93BE-E400E9276F31}.Release|Any CPU.ActiveCfg = Release|Any CPU
		{33F88316-E405-4B82-93BE-E400E9276F31}.Release|Any CPU.Build.0 = Release|Any CPU
		{33F88316-E405-4B82-93BE-E400E9276F31}.Release|ARM.ActiveCfg = Release|Any CPU
		{33F88316-E405-4B82-93BE-E400E9276F31}.Release|iPhone.ActiveCfg = Release|Any CPU
		{33F88316-E405-4B82-93BE-E400E9276F31}.Release|iPhone.Build.0 = Release|Any CPU
		{33F88316-E405-4B82-93BE-E400E9276F31}.Release|iPhoneSimulator.ActiveCfg = Release|Any CPU
		{33F88316-E405-4B82-93BE-E400E9276F31}.Release|iPhoneSimulator.Build.0 = Release|Any CPU
		{33F88316-E405-4B82-93BE-E400E9276F31}.Release|Mixed Platforms.ActiveCfg = Release|Any CPU
		{33F88316-E405-4B82-93BE-E400E9276F31}.Release|Mixed Platforms.Build.0 = Release|Any CPU
		{33F88316-E405-4B82-93BE-E400E9276F31}.Release|Mixed Platforms.Deploy.0 = Release|Any CPU
		{33F88316-E405-4B82-93BE-E400E9276F31}.Release|x64.ActiveCfg = Release|Any CPU
		{33F88316-E405-4B82-93BE-E400E9276F31}.Release|x64.Build.0 = Release|Any CPU
		{33F88316-E405-4B82-93BE-E400E9276F31}.Release|x64.Deploy.0 = Release|Any CPU
		{33F88316-E405-4B82-93BE-E400E9276F31}.Release|x86.ActiveCfg = Release|Any CPU
		{BF707043-C343-4638-B967-7395056E1D06}.Debug|Any CPU.ActiveCfg = Debug|Any CPU
		{BF707043-C343-4638-B967-7395056E1D06}.Debug|Any CPU.Build.0 = Debug|Any CPU
		{BF707043-C343-4638-B967-7395056E1D06}.Debug|ARM.ActiveCfg = Debug|Any CPU
		{BF707043-C343-4638-B967-7395056E1D06}.Debug|iPhone.ActiveCfg = Debug|Any CPU
		{BF707043-C343-4638-B967-7395056E1D06}.Debug|iPhone.Build.0 = Debug|Any CPU
		{BF707043-C343-4638-B967-7395056E1D06}.Debug|iPhoneSimulator.ActiveCfg = Debug|Any CPU
		{BF707043-C343-4638-B967-7395056E1D06}.Debug|iPhoneSimulator.Build.0 = Debug|Any CPU
		{BF707043-C343-4638-B967-7395056E1D06}.Debug|Mixed Platforms.ActiveCfg = Debug|Any CPU
		{BF707043-C343-4638-B967-7395056E1D06}.Debug|Mixed Platforms.Build.0 = Debug|Any CPU
		{BF707043-C343-4638-B967-7395056E1D06}.Debug|x64.ActiveCfg = Debug|Any CPU
		{BF707043-C343-4638-B967-7395056E1D06}.Debug|x86.ActiveCfg = Debug|Any CPU
		{BF707043-C343-4638-B967-7395056E1D06}.Release|Any CPU.ActiveCfg = Release|Any CPU
		{BF707043-C343-4638-B967-7395056E1D06}.Release|Any CPU.Build.0 = Release|Any CPU
		{BF707043-C343-4638-B967-7395056E1D06}.Release|ARM.ActiveCfg = Release|Any CPU
		{BF707043-C343-4638-B967-7395056E1D06}.Release|iPhone.ActiveCfg = Release|Any CPU
		{BF707043-C343-4638-B967-7395056E1D06}.Release|iPhone.Build.0 = Release|Any CPU
		{BF707043-C343-4638-B967-7395056E1D06}.Release|iPhoneSimulator.ActiveCfg = Release|Any CPU
		{BF707043-C343-4638-B967-7395056E1D06}.Release|iPhoneSimulator.Build.0 = Release|Any CPU
		{BF707043-C343-4638-B967-7395056E1D06}.Release|Mixed Platforms.ActiveCfg = Release|Any CPU
		{BF707043-C343-4638-B967-7395056E1D06}.Release|Mixed Platforms.Build.0 = Release|Any CPU
		{BF707043-C343-4638-B967-7395056E1D06}.Release|x64.ActiveCfg = Release|Any CPU
		{BF707043-C343-4638-B967-7395056E1D06}.Release|x86.ActiveCfg = Release|Any CPU
		{B9E73FF9-1A41-4AB3-AB9B-81AB0A594CD2}.Debug|Any CPU.ActiveCfg = Debug|Any CPU
		{B9E73FF9-1A41-4AB3-AB9B-81AB0A594CD2}.Debug|Any CPU.Build.0 = Debug|Any CPU
		{B9E73FF9-1A41-4AB3-AB9B-81AB0A594CD2}.Debug|ARM.ActiveCfg = Debug|Any CPU
		{B9E73FF9-1A41-4AB3-AB9B-81AB0A594CD2}.Debug|iPhone.ActiveCfg = Debug|Any CPU
		{B9E73FF9-1A41-4AB3-AB9B-81AB0A594CD2}.Debug|iPhone.Build.0 = Debug|Any CPU
		{B9E73FF9-1A41-4AB3-AB9B-81AB0A594CD2}.Debug|iPhoneSimulator.ActiveCfg = Debug|Any CPU
		{B9E73FF9-1A41-4AB3-AB9B-81AB0A594CD2}.Debug|iPhoneSimulator.Build.0 = Debug|Any CPU
		{B9E73FF9-1A41-4AB3-AB9B-81AB0A594CD2}.Debug|Mixed Platforms.ActiveCfg = Debug|Any CPU
		{B9E73FF9-1A41-4AB3-AB9B-81AB0A594CD2}.Debug|Mixed Platforms.Build.0 = Debug|Any CPU
		{B9E73FF9-1A41-4AB3-AB9B-81AB0A594CD2}.Debug|x64.ActiveCfg = Debug|Any CPU
		{B9E73FF9-1A41-4AB3-AB9B-81AB0A594CD2}.Debug|x64.Build.0 = Debug|Any CPU
		{B9E73FF9-1A41-4AB3-AB9B-81AB0A594CD2}.Debug|x86.ActiveCfg = Debug|Any CPU
		{B9E73FF9-1A41-4AB3-AB9B-81AB0A594CD2}.Release|Any CPU.ActiveCfg = Release|Any CPU
		{B9E73FF9-1A41-4AB3-AB9B-81AB0A594CD2}.Release|Any CPU.Build.0 = Release|Any CPU
		{B9E73FF9-1A41-4AB3-AB9B-81AB0A594CD2}.Release|ARM.ActiveCfg = Release|Any CPU
		{B9E73FF9-1A41-4AB3-AB9B-81AB0A594CD2}.Release|iPhone.ActiveCfg = Release|Any CPU
		{B9E73FF9-1A41-4AB3-AB9B-81AB0A594CD2}.Release|iPhone.Build.0 = Release|Any CPU
		{B9E73FF9-1A41-4AB3-AB9B-81AB0A594CD2}.Release|iPhoneSimulator.ActiveCfg = Release|Any CPU
		{B9E73FF9-1A41-4AB3-AB9B-81AB0A594CD2}.Release|iPhoneSimulator.Build.0 = Release|Any CPU
		{B9E73FF9-1A41-4AB3-AB9B-81AB0A594CD2}.Release|Mixed Platforms.ActiveCfg = Release|Any CPU
		{B9E73FF9-1A41-4AB3-AB9B-81AB0A594CD2}.Release|Mixed Platforms.Build.0 = Release|Any CPU
		{B9E73FF9-1A41-4AB3-AB9B-81AB0A594CD2}.Release|x64.ActiveCfg = Release|Any CPU
		{B9E73FF9-1A41-4AB3-AB9B-81AB0A594CD2}.Release|x64.Build.0 = Release|Any CPU
		{B9E73FF9-1A41-4AB3-AB9B-81AB0A594CD2}.Release|x86.ActiveCfg = Release|Any CPU
		{91FEADE2-2518-4112-9736-6738106FACBF}.Debug|Any CPU.ActiveCfg = Debug|Any CPU
		{91FEADE2-2518-4112-9736-6738106FACBF}.Debug|Any CPU.Build.0 = Debug|Any CPU
		{91FEADE2-2518-4112-9736-6738106FACBF}.Debug|Any CPU.Deploy.0 = Debug|Any CPU
		{91FEADE2-2518-4112-9736-6738106FACBF}.Debug|ARM.ActiveCfg = Debug|ARM
		{91FEADE2-2518-4112-9736-6738106FACBF}.Debug|ARM.Build.0 = Debug|ARM
		{91FEADE2-2518-4112-9736-6738106FACBF}.Debug|ARM.Deploy.0 = Debug|ARM
		{91FEADE2-2518-4112-9736-6738106FACBF}.Debug|iPhone.ActiveCfg = Debug|Any CPU
		{91FEADE2-2518-4112-9736-6738106FACBF}.Debug|iPhoneSimulator.ActiveCfg = Debug|Any CPU
		{91FEADE2-2518-4112-9736-6738106FACBF}.Debug|Mixed Platforms.ActiveCfg = Debug|x86
		{91FEADE2-2518-4112-9736-6738106FACBF}.Debug|Mixed Platforms.Build.0 = Debug|x86
		{91FEADE2-2518-4112-9736-6738106FACBF}.Debug|Mixed Platforms.Deploy.0 = Debug|x86
		{91FEADE2-2518-4112-9736-6738106FACBF}.Debug|x64.ActiveCfg = Debug|Any CPU
		{91FEADE2-2518-4112-9736-6738106FACBF}.Debug|x64.Build.0 = Debug|Any CPU
		{91FEADE2-2518-4112-9736-6738106FACBF}.Debug|x64.Deploy.0 = Debug|Any CPU
		{91FEADE2-2518-4112-9736-6738106FACBF}.Debug|x86.ActiveCfg = Debug|x86
		{91FEADE2-2518-4112-9736-6738106FACBF}.Debug|x86.Build.0 = Debug|x86
		{91FEADE2-2518-4112-9736-6738106FACBF}.Debug|x86.Deploy.0 = Debug|x86
		{91FEADE2-2518-4112-9736-6738106FACBF}.Release|Any CPU.ActiveCfg = Release|Any CPU
		{91FEADE2-2518-4112-9736-6738106FACBF}.Release|Any CPU.Build.0 = Release|Any CPU
		{91FEADE2-2518-4112-9736-6738106FACBF}.Release|Any CPU.Deploy.0 = Release|Any CPU
		{91FEADE2-2518-4112-9736-6738106FACBF}.Release|ARM.ActiveCfg = Release|ARM
		{91FEADE2-2518-4112-9736-6738106FACBF}.Release|ARM.Build.0 = Release|ARM
		{91FEADE2-2518-4112-9736-6738106FACBF}.Release|ARM.Deploy.0 = Release|ARM
		{91FEADE2-2518-4112-9736-6738106FACBF}.Release|iPhone.ActiveCfg = Release|Any CPU
		{91FEADE2-2518-4112-9736-6738106FACBF}.Release|iPhoneSimulator.ActiveCfg = Release|Any CPU
		{91FEADE2-2518-4112-9736-6738106FACBF}.Release|Mixed Platforms.ActiveCfg = Release|x86
		{91FEADE2-2518-4112-9736-6738106FACBF}.Release|Mixed Platforms.Build.0 = Release|x86
		{91FEADE2-2518-4112-9736-6738106FACBF}.Release|Mixed Platforms.Deploy.0 = Release|x86
		{91FEADE2-2518-4112-9736-6738106FACBF}.Release|x64.ActiveCfg = Release|Any CPU
		{91FEADE2-2518-4112-9736-6738106FACBF}.Release|x64.Build.0 = Release|Any CPU
		{91FEADE2-2518-4112-9736-6738106FACBF}.Release|x64.Deploy.0 = Release|Any CPU
		{91FEADE2-2518-4112-9736-6738106FACBF}.Release|x86.ActiveCfg = Release|x86
		{91FEADE2-2518-4112-9736-6738106FACBF}.Release|x86.Build.0 = Release|x86
		{91FEADE2-2518-4112-9736-6738106FACBF}.Release|x86.Deploy.0 = Release|x86
	EndGlobalSection
	GlobalSection(SolutionProperties) = preSolution
		HideSolutionNode = FALSE
	EndGlobalSection
EndGlobal
