
Microsoft Visual Studio Solution File, Format Version 12.00
# Visual Studio 14
VisualStudioVersion = 14.0.22823.1
MinimumVisualStudioVersion = 10.0.40219.1
Project("{FAE04EC0-301F-11D3-BF4B-00C04F79EFBC}") = "PowerPointController", "PowerPointController\PowerPointController.csproj", "{28C9CA74-DFB0-4C5C-9965-0FDFF73B319F}"
EndProject
Project("{FAE04EC0-301F-11D3-BF4B-00C04F79EFBC}") = "PowerPointProxy", "..\powerpoint-remote-proxy\PowerPointProxy\PowerPointProxy.csproj", "{7454114D-48B0-4B56-A1F9-60B9457639C9}"
EndProject
Project("{FAE04EC0-301F-11D3-BF4B-00C04F79EFBC}") = "Web", "..\powerpoint-remote-proxy\Web\Web.csproj", "{325EA967-5AB4-4123-A8D7-4A79FEFF9149}"
EndProject
Project("{FAE04EC0-301F-11D3-BF4B-00C04F79EFBC}") = "BandRemoteApp", "BandRemoteApp\BandRemoteApp\BandRemoteApp.csproj", "{2990ADB7-25F6-4C9F-B6BD-1CEB486D6B61}"
EndProject
Project("{FAE04EC0-301F-11D3-BF4B-00C04F79EFBC}") = "BandRemoteApp.iOS", "BandRemoteApp\BandRemoteApp.iOS\BandRemoteApp.iOS.csproj", "{912D143C-F69F-4656-B0BB-7A3FA7DF25BC}"
EndProject
Project("{FAE04EC0-301F-11D3-BF4B-00C04F79EFBC}") = "BandRemoteApp.Droid", "BandRemoteApp\BandRemoteApp.Droid\BandRemoteApp.Droid.csproj", "{D3C61B19-1309-4AB1-8419-0E54357BDFDD}"
EndProject
Project("{FAE04EC0-301F-11D3-BF4B-00C04F79EFBC}") = "BandStreamProcessor", "..\band-stream-processor\BandStreamProcessor\BandStreamProcessor.csproj", "{57281AEF-4D13-410A-8C00-BFBDD02BC5E8}"
EndProject
Project("{FAE04EC0-301F-11D3-BF4B-00C04F79EFBC}") = "BandRemoteApp.WinPhone", "BandRemoteApp.WinPhone\BandRemoteApp.WinPhone.csproj", "{FDF23713-848B-4EEE-8E78-404B1C81EA25}"
EndProject
Global
	GlobalSection(SolutionConfigurationPlatforms) = preSolution
		Ad-Hoc|Any CPU = Ad-Hoc|Any CPU
		Ad-Hoc|ARM = Ad-Hoc|ARM
		Ad-Hoc|iPhone = Ad-Hoc|iPhone
		Ad-Hoc|iPhoneSimulator = Ad-Hoc|iPhoneSimulator
		Ad-Hoc|x64 = Ad-Hoc|x64
		Ad-Hoc|x86 = Ad-Hoc|x86
		AppStore|Any CPU = AppStore|Any CPU
		AppStore|ARM = AppStore|ARM
		AppStore|iPhone = AppStore|iPhone
		AppStore|iPhoneSimulator = AppStore|iPhoneSimulator
		AppStore|x64 = AppStore|x64
		AppStore|x86 = AppStore|x86
		Debug|Any CPU = Debug|Any CPU
		Debug|ARM = Debug|ARM
		Debug|iPhone = Debug|iPhone
		Debug|iPhoneSimulator = Debug|iPhoneSimulator
		Debug|x64 = Debug|x64
		Debug|x86 = Debug|x86
		Release|Any CPU = Release|Any CPU
		Release|ARM = Release|ARM
		Release|iPhone = Release|iPhone
		Release|iPhoneSimulator = Release|iPhoneSimulator
		Release|x64 = Release|x64
		Release|x86 = Release|x86
	EndGlobalSection
	GlobalSection(ProjectConfigurationPlatforms) = postSolution
		{28C9CA74-DFB0-4C5C-9965-0FDFF73B319F}.Ad-Hoc|Any CPU.ActiveCfg = Release|Any CPU
		{28C9CA74-DFB0-4C5C-9965-0FDFF73B319F}.Ad-Hoc|Any CPU.Build.0 = Release|Any CPU
		{28C9CA74-DFB0-4C5C-9965-0FDFF73B319F}.Ad-Hoc|ARM.ActiveCfg = Release|Any CPU
		{28C9CA74-DFB0-4C5C-9965-0FDFF73B319F}.Ad-Hoc|ARM.Build.0 = Release|Any CPU
		{28C9CA74-DFB0-4C5C-9965-0FDFF73B319F}.Ad-Hoc|iPhone.ActiveCfg = Release|Any CPU
		{28C9CA74-DFB0-4C5C-9965-0FDFF73B319F}.Ad-Hoc|iPhone.Build.0 = Release|Any CPU
		{28C9CA74-DFB0-4C5C-9965-0FDFF73B319F}.Ad-Hoc|iPhoneSimulator.ActiveCfg = Release|Any CPU
		{28C9CA74-DFB0-4C5C-9965-0FDFF73B319F}.Ad-Hoc|iPhoneSimulator.Build.0 = Release|Any CPU
		{28C9CA74-DFB0-4C5C-9965-0FDFF73B319F}.Ad-Hoc|x64.ActiveCfg = Release|Any CPU
		{28C9CA74-DFB0-4C5C-9965-0FDFF73B319F}.Ad-Hoc|x64.Build.0 = Release|Any CPU
		{28C9CA74-DFB0-4C5C-9965-0FDFF73B319F}.Ad-Hoc|x86.ActiveCfg = Release|Any CPU
		{28C9CA74-DFB0-4C5C-9965-0FDFF73B319F}.Ad-Hoc|x86.Build.0 = Release|Any CPU
		{28C9CA74-DFB0-4C5C-9965-0FDFF73B319F}.AppStore|Any CPU.ActiveCfg = Release|Any CPU
		{28C9CA74-DFB0-4C5C-9965-0FDFF73B319F}.AppStore|Any CPU.Build.0 = Release|Any CPU
		{28C9CA74-DFB0-4C5C-9965-0FDFF73B319F}.AppStore|ARM.ActiveCfg = Release|Any CPU
		{28C9CA74-DFB0-4C5C-9965-0FDFF73B319F}.AppStore|ARM.Build.0 = Release|Any CPU
		{28C9CA74-DFB0-4C5C-9965-0FDFF73B319F}.AppStore|iPhone.ActiveCfg = Release|Any CPU
		{28C9CA74-DFB0-4C5C-9965-0FDFF73B319F}.AppStore|iPhone.Build.0 = Release|Any CPU
		{28C9CA74-DFB0-4C5C-9965-0FDFF73B319F}.AppStore|iPhoneSimulator.ActiveCfg = Release|Any CPU
		{28C9CA74-DFB0-4C5C-9965-0FDFF73B319F}.AppStore|iPhoneSimulator.Build.0 = Release|Any CPU
		{28C9CA74-DFB0-4C5C-9965-0FDFF73B319F}.AppStore|x64.ActiveCfg = Release|Any CPU
		{28C9CA74-DFB0-4C5C-9965-0FDFF73B319F}.AppStore|x64.Build.0 = Release|Any CPU
		{28C9CA74-DFB0-4C5C-9965-0FDFF73B319F}.AppStore|x86.ActiveCfg = Release|Any CPU
		{28C9CA74-DFB0-4C5C-9965-0FDFF73B319F}.AppStore|x86.Build.0 = Release|Any CPU
		{28C9CA74-DFB0-4C5C-9965-0FDFF73B319F}.Debug|Any CPU.ActiveCfg = Debug|Any CPU
		{28C9CA74-DFB0-4C5C-9965-0FDFF73B319F}.Debug|Any CPU.Build.0 = Debug|Any CPU
		{28C9CA74-DFB0-4C5C-9965-0FDFF73B319F}.Debug|ARM.ActiveCfg = Debug|Any CPU
		{28C9CA74-DFB0-4C5C-9965-0FDFF73B319F}.Debug|ARM.Build.0 = Debug|Any CPU
		{28C9CA74-DFB0-4C5C-9965-0FDFF73B319F}.Debug|iPhone.ActiveCfg = Debug|Any CPU
		{28C9CA74-DFB0-4C5C-9965-0FDFF73B319F}.Debug|iPhone.Build.0 = Debug|Any CPU
		{28C9CA74-DFB0-4C5C-9965-0FDFF73B319F}.Debug|iPhoneSimulator.ActiveCfg = Debug|Any CPU
		{28C9CA74-DFB0-4C5C-9965-0FDFF73B319F}.Debug|iPhoneSimulator.Build.0 = Debug|Any CPU
		{28C9CA74-DFB0-4C5C-9965-0FDFF73B319F}.Debug|x64.ActiveCfg = Debug|Any CPU
		{28C9CA74-DFB0-4C5C-9965-0FDFF73B319F}.Debug|x64.Build.0 = Debug|Any CPU
		{28C9CA74-DFB0-4C5C-9965-0FDFF73B319F}.Debug|x86.ActiveCfg = Debug|Any CPU
		{28C9CA74-DFB0-4C5C-9965-0FDFF73B319F}.Debug|x86.Build.0 = Debug|Any CPU
		{28C9CA74-DFB0-4C5C-9965-0FDFF73B319F}.Release|Any CPU.ActiveCfg = Release|Any CPU
		{28C9CA74-DFB0-4C5C-9965-0FDFF73B319F}.Release|Any CPU.Build.0 = Release|Any CPU
		{28C9CA74-DFB0-4C5C-9965-0FDFF73B319F}.Release|ARM.ActiveCfg = Release|Any CPU
		{28C9CA74-DFB0-4C5C-9965-0FDFF73B319F}.Release|ARM.Build.0 = Release|Any CPU
		{28C9CA74-DFB0-4C5C-9965-0FDFF73B319F}.Release|iPhone.ActiveCfg = Release|Any CPU
		{28C9CA74-DFB0-4C5C-9965-0FDFF73B319F}.Release|iPhone.Build.0 = Release|Any CPU
		{28C9CA74-DFB0-4C5C-9965-0FDFF73B319F}.Release|iPhoneSimulator.ActiveCfg = Release|Any CPU
		{28C9CA74-DFB0-4C5C-9965-0FDFF73B319F}.Release|iPhoneSimulator.Build.0 = Release|Any CPU
		{28C9CA74-DFB0-4C5C-9965-0FDFF73B319F}.Release|x64.ActiveCfg = Release|Any CPU
		{28C9CA74-DFB0-4C5C-9965-0FDFF73B319F}.Release|x64.Build.0 = Release|Any CPU
		{28C9CA74-DFB0-4C5C-9965-0FDFF73B319F}.Release|x86.ActiveCfg = Release|Any CPU
		{28C9CA74-DFB0-4C5C-9965-0FDFF73B319F}.Release|x86.Build.0 = Release|Any CPU
		{7454114D-48B0-4B56-A1F9-60B9457639C9}.Ad-Hoc|Any CPU.ActiveCfg = Release|Any CPU
		{7454114D-48B0-4B56-A1F9-60B9457639C9}.Ad-Hoc|Any CPU.Build.0 = Release|Any CPU
		{7454114D-48B0-4B56-A1F9-60B9457639C9}.Ad-Hoc|Any CPU.Deploy.0 = Release|Any CPU
		{7454114D-48B0-4B56-A1F9-60B9457639C9}.Ad-Hoc|ARM.ActiveCfg = Release|Any CPU
		{7454114D-48B0-4B56-A1F9-60B9457639C9}.Ad-Hoc|ARM.Build.0 = Release|Any CPU
		{7454114D-48B0-4B56-A1F9-60B9457639C9}.Ad-Hoc|ARM.Deploy.0 = Release|Any CPU
		{7454114D-48B0-4B56-A1F9-60B9457639C9}.Ad-Hoc|iPhone.ActiveCfg = Release|Any CPU
		{7454114D-48B0-4B56-A1F9-60B9457639C9}.Ad-Hoc|iPhone.Build.0 = Release|Any CPU
		{7454114D-48B0-4B56-A1F9-60B9457639C9}.Ad-Hoc|iPhone.Deploy.0 = Release|Any CPU
		{7454114D-48B0-4B56-A1F9-60B9457639C9}.Ad-Hoc|iPhoneSimulator.ActiveCfg = Release|Any CPU
		{7454114D-48B0-4B56-A1F9-60B9457639C9}.Ad-Hoc|iPhoneSimulator.Build.0 = Release|Any CPU
		{7454114D-48B0-4B56-A1F9-60B9457639C9}.Ad-Hoc|iPhoneSimulator.Deploy.0 = Release|Any CPU
		{7454114D-48B0-4B56-A1F9-60B9457639C9}.Ad-Hoc|x64.ActiveCfg = Release|Any CPU
		{7454114D-48B0-4B56-A1F9-60B9457639C9}.Ad-Hoc|x64.Build.0 = Release|Any CPU
		{7454114D-48B0-4B56-A1F9-60B9457639C9}.Ad-Hoc|x64.Deploy.0 = Release|Any CPU
		{7454114D-48B0-4B56-A1F9-60B9457639C9}.Ad-Hoc|x86.ActiveCfg = Release|Any CPU
		{7454114D-48B0-4B56-A1F9-60B9457639C9}.Ad-Hoc|x86.Build.0 = Release|Any CPU
		{7454114D-48B0-4B56-A1F9-60B9457639C9}.Ad-Hoc|x86.Deploy.0 = Release|Any CPU
		{7454114D-48B0-4B56-A1F9-60B9457639C9}.AppStore|Any CPU.ActiveCfg = Release|Any CPU
		{7454114D-48B0-4B56-A1F9-60B9457639C9}.AppStore|Any CPU.Build.0 = Release|Any CPU
		{7454114D-48B0-4B56-A1F9-60B9457639C9}.AppStore|Any CPU.Deploy.0 = Release|Any CPU
		{7454114D-48B0-4B56-A1F9-60B9457639C9}.AppStore|ARM.ActiveCfg = Release|Any CPU
		{7454114D-48B0-4B56-A1F9-60B9457639C9}.AppStore|ARM.Build.0 = Release|Any CPU
		{7454114D-48B0-4B56-A1F9-60B9457639C9}.AppStore|ARM.Deploy.0 = Release|Any CPU
		{7454114D-48B0-4B56-A1F9-60B9457639C9}.AppStore|iPhone.ActiveCfg = Release|Any CPU
		{7454114D-48B0-4B56-A1F9-60B9457639C9}.AppStore|iPhone.Build.0 = Release|Any CPU
		{7454114D-48B0-4B56-A1F9-60B9457639C9}.AppStore|iPhone.Deploy.0 = Release|Any CPU
		{7454114D-48B0-4B56-A1F9-60B9457639C9}.AppStore|iPhoneSimulator.ActiveCfg = Release|Any CPU
		{7454114D-48B0-4B56-A1F9-60B9457639C9}.AppStore|iPhoneSimulator.Build.0 = Release|Any CPU
		{7454114D-48B0-4B56-A1F9-60B9457639C9}.AppStore|iPhoneSimulator.Deploy.0 = Release|Any CPU
		{7454114D-48B0-4B56-A1F9-60B9457639C9}.AppStore|x64.ActiveCfg = Release|Any CPU
		{7454114D-48B0-4B56-A1F9-60B9457639C9}.AppStore|x64.Build.0 = Release|Any CPU
		{7454114D-48B0-4B56-A1F9-60B9457639C9}.AppStore|x64.Deploy.0 = Release|Any CPU
		{7454114D-48B0-4B56-A1F9-60B9457639C9}.AppStore|x86.ActiveCfg = Release|Any CPU
		{7454114D-48B0-4B56-A1F9-60B9457639C9}.AppStore|x86.Build.0 = Release|Any CPU
		{7454114D-48B0-4B56-A1F9-60B9457639C9}.AppStore|x86.Deploy.0 = Release|Any CPU
		{7454114D-48B0-4B56-A1F9-60B9457639C9}.Debug|Any CPU.ActiveCfg = Debug|Any CPU
		{7454114D-48B0-4B56-A1F9-60B9457639C9}.Debug|Any CPU.Build.0 = Debug|Any CPU
		{7454114D-48B0-4B56-A1F9-60B9457639C9}.Debug|Any CPU.Deploy.0 = Debug|Any CPU
		{7454114D-48B0-4B56-A1F9-60B9457639C9}.Debug|ARM.ActiveCfg = Debug|Any CPU
		{7454114D-48B0-4B56-A1F9-60B9457639C9}.Debug|ARM.Build.0 = Debug|Any CPU
		{7454114D-48B0-4B56-A1F9-60B9457639C9}.Debug|iPhone.ActiveCfg = Debug|Any CPU
		{7454114D-48B0-4B56-A1F9-60B9457639C9}.Debug|iPhone.Build.0 = Debug|Any CPU
		{7454114D-48B0-4B56-A1F9-60B9457639C9}.Debug|iPhone.Deploy.0 = Debug|Any CPU
		{7454114D-48B0-4B56-A1F9-60B9457639C9}.Debug|iPhoneSimulator.ActiveCfg = Debug|Any CPU
		{7454114D-48B0-4B56-A1F9-60B9457639C9}.Debug|iPhoneSimulator.Build.0 = Debug|Any CPU
		{7454114D-48B0-4B56-A1F9-60B9457639C9}.Debug|iPhoneSimulator.Deploy.0 = Debug|Any CPU
		{7454114D-48B0-4B56-A1F9-60B9457639C9}.Debug|x64.ActiveCfg = Debug|Any CPU
		{7454114D-48B0-4B56-A1F9-60B9457639C9}.Debug|x64.Build.0 = Debug|Any CPU
		{7454114D-48B0-4B56-A1F9-60B9457639C9}.Debug|x64.Deploy.0 = Debug|Any CPU
		{7454114D-48B0-4B56-A1F9-60B9457639C9}.Debug|x86.ActiveCfg = Debug|Any CPU
		{7454114D-48B0-4B56-A1F9-60B9457639C9}.Debug|x86.Build.0 = Debug|Any CPU
		{7454114D-48B0-4B56-A1F9-60B9457639C9}.Debug|x86.Deploy.0 = Debug|Any CPU
		{7454114D-48B0-4B56-A1F9-60B9457639C9}.Release|Any CPU.ActiveCfg = Release|Any CPU
		{7454114D-48B0-4B56-A1F9-60B9457639C9}.Release|Any CPU.Build.0 = Release|Any CPU
		{7454114D-48B0-4B56-A1F9-60B9457639C9}.Release|Any CPU.Deploy.0 = Release|Any CPU
		{7454114D-48B0-4B56-A1F9-60B9457639C9}.Release|ARM.ActiveCfg = Release|Any CPU
		{7454114D-48B0-4B56-A1F9-60B9457639C9}.Release|ARM.Build.0 = Release|Any CPU
		{7454114D-48B0-4B56-A1F9-60B9457639C9}.Release|ARM.Deploy.0 = Release|Any CPU
		{7454114D-48B0-4B56-A1F9-60B9457639C9}.Release|iPhone.ActiveCfg = Release|Any CPU
		{7454114D-48B0-4B56-A1F9-60B9457639C9}.Release|iPhone.Build.0 = Release|Any CPU
		{7454114D-48B0-4B56-A1F9-60B9457639C9}.Release|iPhone.Deploy.0 = Release|Any CPU
		{7454114D-48B0-4B56-A1F9-60B9457639C9}.Release|iPhoneSimulator.ActiveCfg = Release|Any CPU
		{7454114D-48B0-4B56-A1F9-60B9457639C9}.Release|iPhoneSimulator.Build.0 = Release|Any CPU
		{7454114D-48B0-4B56-A1F9-60B9457639C9}.Release|iPhoneSimulator.Deploy.0 = Release|Any CPU
		{7454114D-48B0-4B56-A1F9-60B9457639C9}.Release|x64.ActiveCfg = Release|Any CPU
		{7454114D-48B0-4B56-A1F9-60B9457639C9}.Release|x64.Build.0 = Release|Any CPU
		{7454114D-48B0-4B56-A1F9-60B9457639C9}.Release|x64.Deploy.0 = Release|Any CPU
		{7454114D-48B0-4B56-A1F9-60B9457639C9}.Release|x86.ActiveCfg = Release|Any CPU
		{7454114D-48B0-4B56-A1F9-60B9457639C9}.Release|x86.Build.0 = Release|Any CPU
		{7454114D-48B0-4B56-A1F9-60B9457639C9}.Release|x86.Deploy.0 = Release|Any CPU
		{325EA967-5AB4-4123-A8D7-4A79FEFF9149}.Ad-Hoc|Any CPU.ActiveCfg = Release|Any CPU
		{325EA967-5AB4-4123-A8D7-4A79FEFF9149}.Ad-Hoc|Any CPU.Build.0 = Release|Any CPU
		{325EA967-5AB4-4123-A8D7-4A79FEFF9149}.Ad-Hoc|ARM.ActiveCfg = Release|Any CPU
		{325EA967-5AB4-4123-A8D7-4A79FEFF9149}.Ad-Hoc|ARM.Build.0 = Release|Any CPU
		{325EA967-5AB4-4123-A8D7-4A79FEFF9149}.Ad-Hoc|iPhone.ActiveCfg = Release|Any CPU
		{325EA967-5AB4-4123-A8D7-4A79FEFF9149}.Ad-Hoc|iPhone.Build.0 = Release|Any CPU
		{325EA967-5AB4-4123-A8D7-4A79FEFF9149}.Ad-Hoc|iPhoneSimulator.ActiveCfg = Release|Any CPU
		{325EA967-5AB4-4123-A8D7-4A79FEFF9149}.Ad-Hoc|iPhoneSimulator.Build.0 = Release|Any CPU
		{325EA967-5AB4-4123-A8D7-4A79FEFF9149}.Ad-Hoc|x64.ActiveCfg = Release|Any CPU
		{325EA967-5AB4-4123-A8D7-4A79FEFF9149}.Ad-Hoc|x64.Build.0 = Release|Any CPU
		{325EA967-5AB4-4123-A8D7-4A79FEFF9149}.Ad-Hoc|x86.ActiveCfg = Release|Any CPU
		{325EA967-5AB4-4123-A8D7-4A79FEFF9149}.Ad-Hoc|x86.Build.0 = Release|Any CPU
		{325EA967-5AB4-4123-A8D7-4A79FEFF9149}.AppStore|Any CPU.ActiveCfg = Release|Any CPU
		{325EA967-5AB4-4123-A8D7-4A79FEFF9149}.AppStore|Any CPU.Build.0 = Release|Any CPU
		{325EA967-5AB4-4123-A8D7-4A79FEFF9149}.AppStore|ARM.ActiveCfg = Release|Any CPU
		{325EA967-5AB4-4123-A8D7-4A79FEFF9149}.AppStore|ARM.Build.0 = Release|Any CPU
		{325EA967-5AB4-4123-A8D7-4A79FEFF9149}.AppStore|iPhone.ActiveCfg = Release|Any CPU
		{325EA967-5AB4-4123-A8D7-4A79FEFF9149}.AppStore|iPhone.Build.0 = Release|Any CPU
		{325EA967-5AB4-4123-A8D7-4A79FEFF9149}.AppStore|iPhoneSimulator.ActiveCfg = Release|Any CPU
		{325EA967-5AB4-4123-A8D7-4A79FEFF9149}.AppStore|iPhoneSimulator.Build.0 = Release|Any CPU
		{325EA967-5AB4-4123-A8D7-4A79FEFF9149}.AppStore|x64.ActiveCfg = Release|Any CPU
		{325EA967-5AB4-4123-A8D7-4A79FEFF9149}.AppStore|x64.Build.0 = Release|Any CPU
		{325EA967-5AB4-4123-A8D7-4A79FEFF9149}.AppStore|x86.ActiveCfg = Release|Any CPU
		{325EA967-5AB4-4123-A8D7-4A79FEFF9149}.AppStore|x86.Build.0 = Release|Any CPU
		{325EA967-5AB4-4123-A8D7-4A79FEFF9149}.Debug|Any CPU.ActiveCfg = Debug|Any CPU
		{325EA967-5AB4-4123-A8D7-4A79FEFF9149}.Debug|Any CPU.Build.0 = Debug|Any CPU
		{325EA967-5AB4-4123-A8D7-4A79FEFF9149}.Debug|ARM.ActiveCfg = Debug|Any CPU
		{325EA967-5AB4-4123-A8D7-4A79FEFF9149}.Debug|ARM.Build.0 = Debug|Any CPU
		{325EA967-5AB4-4123-A8D7-4A79FEFF9149}.Debug|iPhone.ActiveCfg = Debug|Any CPU
		{325EA967-5AB4-4123-A8D7-4A79FEFF9149}.Debug|iPhone.Build.0 = Debug|Any CPU
		{325EA967-5AB4-4123-A8D7-4A79FEFF9149}.Debug|iPhoneSimulator.ActiveCfg = Debug|Any CPU
		{325EA967-5AB4-4123-A8D7-4A79FEFF9149}.Debug|iPhoneSimulator.Build.0 = Debug|Any CPU
		{325EA967-5AB4-4123-A8D7-4A79FEFF9149}.Debug|x64.ActiveCfg = Debug|Any CPU
		{325EA967-5AB4-4123-A8D7-4A79FEFF9149}.Debug|x64.Build.0 = Debug|Any CPU
		{325EA967-5AB4-4123-A8D7-4A79FEFF9149}.Debug|x86.ActiveCfg = Debug|Any CPU
		{325EA967-5AB4-4123-A8D7-4A79FEFF9149}.Debug|x86.Build.0 = Debug|Any CPU
		{325EA967-5AB4-4123-A8D7-4A79FEFF9149}.Release|Any CPU.ActiveCfg = Release|Any CPU
		{325EA967-5AB4-4123-A8D7-4A79FEFF9149}.Release|Any CPU.Build.0 = Release|Any CPU
		{325EA967-5AB4-4123-A8D7-4A79FEFF9149}.Release|ARM.ActiveCfg = Release|Any CPU
		{325EA967-5AB4-4123-A8D7-4A79FEFF9149}.Release|ARM.Build.0 = Release|Any CPU
		{325EA967-5AB4-4123-A8D7-4A79FEFF9149}.Release|iPhone.ActiveCfg = Release|Any CPU
		{325EA967-5AB4-4123-A8D7-4A79FEFF9149}.Release|iPhone.Build.0 = Release|Any CPU
		{325EA967-5AB4-4123-A8D7-4A79FEFF9149}.Release|iPhoneSimulator.ActiveCfg = Release|Any CPU
		{325EA967-5AB4-4123-A8D7-4A79FEFF9149}.Release|iPhoneSimulator.Build.0 = Release|Any CPU
		{325EA967-5AB4-4123-A8D7-4A79FEFF9149}.Release|x64.ActiveCfg = Release|Any CPU
		{325EA967-5AB4-4123-A8D7-4A79FEFF9149}.Release|x64.Build.0 = Release|Any CPU
		{325EA967-5AB4-4123-A8D7-4A79FEFF9149}.Release|x86.ActiveCfg = Release|Any CPU
		{325EA967-5AB4-4123-A8D7-4A79FEFF9149}.Release|x86.Build.0 = Release|Any CPU
		{2990ADB7-25F6-4C9F-B6BD-1CEB486D6B61}.Ad-Hoc|Any CPU.ActiveCfg = Release|Any CPU
		{2990ADB7-25F6-4C9F-B6BD-1CEB486D6B61}.Ad-Hoc|Any CPU.Build.0 = Release|Any CPU
		{2990ADB7-25F6-4C9F-B6BD-1CEB486D6B61}.Ad-Hoc|ARM.ActiveCfg = Release|Any CPU
		{2990ADB7-25F6-4C9F-B6BD-1CEB486D6B61}.Ad-Hoc|ARM.Build.0 = Release|Any CPU
		{2990ADB7-25F6-4C9F-B6BD-1CEB486D6B61}.Ad-Hoc|iPhone.ActiveCfg = Release|Any CPU
		{2990ADB7-25F6-4C9F-B6BD-1CEB486D6B61}.Ad-Hoc|iPhone.Build.0 = Release|Any CPU
		{2990ADB7-25F6-4C9F-B6BD-1CEB486D6B61}.Ad-Hoc|iPhoneSimulator.ActiveCfg = Release|Any CPU
		{2990ADB7-25F6-4C9F-B6BD-1CEB486D6B61}.Ad-Hoc|iPhoneSimulator.Build.0 = Release|Any CPU
		{2990ADB7-25F6-4C9F-B6BD-1CEB486D6B61}.Ad-Hoc|x64.ActiveCfg = Release|Any CPU
		{2990ADB7-25F6-4C9F-B6BD-1CEB486D6B61}.Ad-Hoc|x64.Build.0 = Release|Any CPU
		{2990ADB7-25F6-4C9F-B6BD-1CEB486D6B61}.Ad-Hoc|x86.ActiveCfg = Release|Any CPU
		{2990ADB7-25F6-4C9F-B6BD-1CEB486D6B61}.Ad-Hoc|x86.Build.0 = Release|Any CPU
		{2990ADB7-25F6-4C9F-B6BD-1CEB486D6B61}.AppStore|Any CPU.ActiveCfg = Release|Any CPU
		{2990ADB7-25F6-4C9F-B6BD-1CEB486D6B61}.AppStore|Any CPU.Build.0 = Release|Any CPU
		{2990ADB7-25F6-4C9F-B6BD-1CEB486D6B61}.AppStore|ARM.ActiveCfg = Release|Any CPU
		{2990ADB7-25F6-4C9F-B6BD-1CEB486D6B61}.AppStore|ARM.Build.0 = Release|Any CPU
		{2990ADB7-25F6-4C9F-B6BD-1CEB486D6B61}.AppStore|iPhone.ActiveCfg = Release|Any CPU
		{2990ADB7-25F6-4C9F-B6BD-1CEB486D6B61}.AppStore|iPhone.Build.0 = Release|Any CPU
		{2990ADB7-25F6-4C9F-B6BD-1CEB486D6B61}.AppStore|iPhoneSimulator.ActiveCfg = Release|Any CPU
		{2990ADB7-25F6-4C9F-B6BD-1CEB486D6B61}.AppStore|iPhoneSimulator.Build.0 = Release|Any CPU
		{2990ADB7-25F6-4C9F-B6BD-1CEB486D6B61}.AppStore|x64.ActiveCfg = Release|Any CPU
		{2990ADB7-25F6-4C9F-B6BD-1CEB486D6B61}.AppStore|x64.Build.0 = Release|Any CPU
		{2990ADB7-25F6-4C9F-B6BD-1CEB486D6B61}.AppStore|x86.ActiveCfg = Release|Any CPU
		{2990ADB7-25F6-4C9F-B6BD-1CEB486D6B61}.AppStore|x86.Build.0 = Release|Any CPU
		{2990ADB7-25F6-4C9F-B6BD-1CEB486D6B61}.Debug|Any CPU.ActiveCfg = Debug|Any CPU
		{2990ADB7-25F6-4C9F-B6BD-1CEB486D6B61}.Debug|Any CPU.Build.0 = Debug|Any CPU
		{2990ADB7-25F6-4C9F-B6BD-1CEB486D6B61}.Debug|ARM.ActiveCfg = Debug|Any CPU
		{2990ADB7-25F6-4C9F-B6BD-1CEB486D6B61}.Debug|ARM.Build.0 = Debug|Any CPU
		{2990ADB7-25F6-4C9F-B6BD-1CEB486D6B61}.Debug|iPhone.ActiveCfg = Debug|Any CPU
		{2990ADB7-25F6-4C9F-B6BD-1CEB486D6B61}.Debug|iPhone.Build.0 = Debug|Any CPU
		{2990ADB7-25F6-4C9F-B6BD-1CEB486D6B61}.Debug|iPhoneSimulator.ActiveCfg = Debug|Any CPU
		{2990ADB7-25F6-4C9F-B6BD-1CEB486D6B61}.Debug|iPhoneSimulator.Build.0 = Debug|Any CPU
		{2990ADB7-25F6-4C9F-B6BD-1CEB486D6B61}.Debug|x64.ActiveCfg = Debug|Any CPU
		{2990ADB7-25F6-4C9F-B6BD-1CEB486D6B61}.Debug|x64.Build.0 = Debug|Any CPU
		{2990ADB7-25F6-4C9F-B6BD-1CEB486D6B61}.Debug|x86.ActiveCfg = Debug|Any CPU
		{2990ADB7-25F6-4C9F-B6BD-1CEB486D6B61}.Debug|x86.Build.0 = Debug|Any CPU
		{2990ADB7-25F6-4C9F-B6BD-1CEB486D6B61}.Release|Any CPU.ActiveCfg = Release|Any CPU
		{2990ADB7-25F6-4C9F-B6BD-1CEB486D6B61}.Release|Any CPU.Build.0 = Release|Any CPU
		{2990ADB7-25F6-4C9F-B6BD-1CEB486D6B61}.Release|ARM.ActiveCfg = Release|Any CPU
		{2990ADB7-25F6-4C9F-B6BD-1CEB486D6B61}.Release|ARM.Build.0 = Release|Any CPU
		{2990ADB7-25F6-4C9F-B6BD-1CEB486D6B61}.Release|iPhone.ActiveCfg = Release|Any CPU
		{2990ADB7-25F6-4C9F-B6BD-1CEB486D6B61}.Release|iPhone.Build.0 = Release|Any CPU
		{2990ADB7-25F6-4C9F-B6BD-1CEB486D6B61}.Release|iPhoneSimulator.ActiveCfg = Release|Any CPU
		{2990ADB7-25F6-4C9F-B6BD-1CEB486D6B61}.Release|iPhoneSimulator.Build.0 = Release|Any CPU
		{2990ADB7-25F6-4C9F-B6BD-1CEB486D6B61}.Release|x64.ActiveCfg = Release|Any CPU
		{2990ADB7-25F6-4C9F-B6BD-1CEB486D6B61}.Release|x64.Build.0 = Release|Any CPU
		{2990ADB7-25F6-4C9F-B6BD-1CEB486D6B61}.Release|x86.ActiveCfg = Release|Any CPU
		{2990ADB7-25F6-4C9F-B6BD-1CEB486D6B61}.Release|x86.Build.0 = Release|Any CPU
		{912D143C-F69F-4656-B0BB-7A3FA7DF25BC}.Ad-Hoc|Any CPU.ActiveCfg = Ad-Hoc|iPhone
		{912D143C-F69F-4656-B0BB-7A3FA7DF25BC}.Ad-Hoc|ARM.ActiveCfg = Ad-Hoc|iPhone
		{912D143C-F69F-4656-B0BB-7A3FA7DF25BC}.Ad-Hoc|iPhone.ActiveCfg = Ad-Hoc|iPhone
		{912D143C-F69F-4656-B0BB-7A3FA7DF25BC}.Ad-Hoc|iPhone.Build.0 = Ad-Hoc|iPhone
		{912D143C-F69F-4656-B0BB-7A3FA7DF25BC}.Ad-Hoc|iPhoneSimulator.ActiveCfg = Ad-Hoc|iPhoneSimulator
		{912D143C-F69F-4656-B0BB-7A3FA7DF25BC}.Ad-Hoc|iPhoneSimulator.Build.0 = Ad-Hoc|iPhoneSimulator
		{912D143C-F69F-4656-B0BB-7A3FA7DF25BC}.Ad-Hoc|x64.ActiveCfg = Ad-Hoc|iPhone
		{912D143C-F69F-4656-B0BB-7A3FA7DF25BC}.Ad-Hoc|x86.ActiveCfg = Ad-Hoc|iPhone
		{912D143C-F69F-4656-B0BB-7A3FA7DF25BC}.AppStore|Any CPU.ActiveCfg = AppStore|iPhone
		{912D143C-F69F-4656-B0BB-7A3FA7DF25BC}.AppStore|ARM.ActiveCfg = AppStore|iPhone
		{912D143C-F69F-4656-B0BB-7A3FA7DF25BC}.AppStore|iPhone.ActiveCfg = AppStore|iPhone
		{912D143C-F69F-4656-B0BB-7A3FA7DF25BC}.AppStore|iPhone.Build.0 = AppStore|iPhone
		{912D143C-F69F-4656-B0BB-7A3FA7DF25BC}.AppStore|iPhoneSimulator.ActiveCfg = AppStore|iPhoneSimulator
		{912D143C-F69F-4656-B0BB-7A3FA7DF25BC}.AppStore|iPhoneSimulator.Build.0 = AppStore|iPhoneSimulator
		{912D143C-F69F-4656-B0BB-7A3FA7DF25BC}.AppStore|x64.ActiveCfg = AppStore|iPhone
		{912D143C-F69F-4656-B0BB-7A3FA7DF25BC}.AppStore|x86.ActiveCfg = AppStore|iPhone
		{912D143C-F69F-4656-B0BB-7A3FA7DF25BC}.Debug|Any CPU.ActiveCfg = Debug|iPhone
		{912D143C-F69F-4656-B0BB-7A3FA7DF25BC}.Debug|ARM.ActiveCfg = Debug|iPhone
		{912D143C-F69F-4656-B0BB-7A3FA7DF25BC}.Debug|iPhone.ActiveCfg = Debug|iPhone
		{912D143C-F69F-4656-B0BB-7A3FA7DF25BC}.Debug|iPhone.Build.0 = Debug|iPhone
		{912D143C-F69F-4656-B0BB-7A3FA7DF25BC}.Debug|iPhoneSimulator.ActiveCfg = Debug|iPhoneSimulator
		{912D143C-F69F-4656-B0BB-7A3FA7DF25BC}.Debug|iPhoneSimulator.Build.0 = Debug|iPhoneSimulator
		{912D143C-F69F-4656-B0BB-7A3FA7DF25BC}.Debug|x64.ActiveCfg = Debug|iPhone
		{912D143C-F69F-4656-B0BB-7A3FA7DF25BC}.Debug|x86.ActiveCfg = Debug|iPhone
		{912D143C-F69F-4656-B0BB-7A3FA7DF25BC}.Release|Any CPU.ActiveCfg = Release|iPhone
		{912D143C-F69F-4656-B0BB-7A3FA7DF25BC}.Release|ARM.ActiveCfg = Release|iPhone
		{912D143C-F69F-4656-B0BB-7A3FA7DF25BC}.Release|iPhone.ActiveCfg = Release|iPhone
		{912D143C-F69F-4656-B0BB-7A3FA7DF25BC}.Release|iPhone.Build.0 = Release|iPhone
		{912D143C-F69F-4656-B0BB-7A3FA7DF25BC}.Release|iPhoneSimulator.ActiveCfg = Release|iPhoneSimulator
		{912D143C-F69F-4656-B0BB-7A3FA7DF25BC}.Release|iPhoneSimulator.Build.0 = Release|iPhoneSimulator
		{912D143C-F69F-4656-B0BB-7A3FA7DF25BC}.Release|x64.ActiveCfg = Release|iPhone
		{912D143C-F69F-4656-B0BB-7A3FA7DF25BC}.Release|x86.ActiveCfg = Release|iPhone
		{D3C61B19-1309-4AB1-8419-0E54357BDFDD}.Ad-Hoc|Any CPU.ActiveCfg = Release|Any CPU
		{D3C61B19-1309-4AB1-8419-0E54357BDFDD}.Ad-Hoc|Any CPU.Build.0 = Release|Any CPU
		{D3C61B19-1309-4AB1-8419-0E54357BDFDD}.Ad-Hoc|Any CPU.Deploy.0 = Release|Any CPU
		{D3C61B19-1309-4AB1-8419-0E54357BDFDD}.Ad-Hoc|ARM.ActiveCfg = Release|Any CPU
		{D3C61B19-1309-4AB1-8419-0E54357BDFDD}.Ad-Hoc|ARM.Build.0 = Release|Any CPU
		{D3C61B19-1309-4AB1-8419-0E54357BDFDD}.Ad-Hoc|ARM.Deploy.0 = Release|Any CPU
		{D3C61B19-1309-4AB1-8419-0E54357BDFDD}.Ad-Hoc|iPhone.ActiveCfg = Release|Any CPU
		{D3C61B19-1309-4AB1-8419-0E54357BDFDD}.Ad-Hoc|iPhone.Build.0 = Release|Any CPU
		{D3C61B19-1309-4AB1-8419-0E54357BDFDD}.Ad-Hoc|iPhone.Deploy.0 = Release|Any CPU
		{D3C61B19-1309-4AB1-8419-0E54357BDFDD}.Ad-Hoc|iPhoneSimulator.ActiveCfg = Release|Any CPU
		{D3C61B19-1309-4AB1-8419-0E54357BDFDD}.Ad-Hoc|iPhoneSimulator.Build.0 = Release|Any CPU
		{D3C61B19-1309-4AB1-8419-0E54357BDFDD}.Ad-Hoc|iPhoneSimulator.Deploy.0 = Release|Any CPU
		{D3C61B19-1309-4AB1-8419-0E54357BDFDD}.Ad-Hoc|x64.ActiveCfg = Release|Any CPU
		{D3C61B19-1309-4AB1-8419-0E54357BDFDD}.Ad-Hoc|x64.Build.0 = Release|Any CPU
		{D3C61B19-1309-4AB1-8419-0E54357BDFDD}.Ad-Hoc|x64.Deploy.0 = Release|Any CPU
		{D3C61B19-1309-4AB1-8419-0E54357BDFDD}.Ad-Hoc|x86.ActiveCfg = Release|Any CPU
		{D3C61B19-1309-4AB1-8419-0E54357BDFDD}.Ad-Hoc|x86.Build.0 = Release|Any CPU
		{D3C61B19-1309-4AB1-8419-0E54357BDFDD}.Ad-Hoc|x86.Deploy.0 = Release|Any CPU
		{D3C61B19-1309-4AB1-8419-0E54357BDFDD}.AppStore|Any CPU.ActiveCfg = Release|Any CPU
		{D3C61B19-1309-4AB1-8419-0E54357BDFDD}.AppStore|Any CPU.Build.0 = Release|Any CPU
		{D3C61B19-1309-4AB1-8419-0E54357BDFDD}.AppStore|Any CPU.Deploy.0 = Release|Any CPU
		{D3C61B19-1309-4AB1-8419-0E54357BDFDD}.AppStore|ARM.ActiveCfg = Release|Any CPU
		{D3C61B19-1309-4AB1-8419-0E54357BDFDD}.AppStore|ARM.Build.0 = Release|Any CPU
		{D3C61B19-1309-4AB1-8419-0E54357BDFDD}.AppStore|ARM.Deploy.0 = Release|Any CPU
		{D3C61B19-1309-4AB1-8419-0E54357BDFDD}.AppStore|iPhone.ActiveCfg = Release|Any CPU
		{D3C61B19-1309-4AB1-8419-0E54357BDFDD}.AppStore|iPhone.Build.0 = Release|Any CPU
		{D3C61B19-1309-4AB1-8419-0E54357BDFDD}.AppStore|iPhone.Deploy.0 = Release|Any CPU
		{D3C61B19-1309-4AB1-8419-0E54357BDFDD}.AppStore|iPhoneSimulator.ActiveCfg = Release|Any CPU
		{D3C61B19-1309-4AB1-8419-0E54357BDFDD}.AppStore|iPhoneSimulator.Build.0 = Release|Any CPU
		{D3C61B19-1309-4AB1-8419-0E54357BDFDD}.AppStore|iPhoneSimulator.Deploy.0 = Release|Any CPU
		{D3C61B19-1309-4AB1-8419-0E54357BDFDD}.AppStore|x64.ActiveCfg = Release|Any CPU
		{D3C61B19-1309-4AB1-8419-0E54357BDFDD}.AppStore|x64.Build.0 = Release|Any CPU
		{D3C61B19-1309-4AB1-8419-0E54357BDFDD}.AppStore|x64.Deploy.0 = Release|Any CPU
		{D3C61B19-1309-4AB1-8419-0E54357BDFDD}.AppStore|x86.ActiveCfg = Release|Any CPU
		{D3C61B19-1309-4AB1-8419-0E54357BDFDD}.AppStore|x86.Build.0 = Release|Any CPU
		{D3C61B19-1309-4AB1-8419-0E54357BDFDD}.AppStore|x86.Deploy.0 = Release|Any CPU
		{D3C61B19-1309-4AB1-8419-0E54357BDFDD}.Debug|Any CPU.ActiveCfg = Debug|Any CPU
		{D3C61B19-1309-4AB1-8419-0E54357BDFDD}.Debug|Any CPU.Build.0 = Debug|Any CPU
		{D3C61B19-1309-4AB1-8419-0E54357BDFDD}.Debug|Any CPU.Deploy.0 = Debug|Any CPU
		{D3C61B19-1309-4AB1-8419-0E54357BDFDD}.Debug|ARM.ActiveCfg = Debug|Any CPU
		{D3C61B19-1309-4AB1-8419-0E54357BDFDD}.Debug|ARM.Build.0 = Debug|Any CPU
		{D3C61B19-1309-4AB1-8419-0E54357BDFDD}.Debug|ARM.Deploy.0 = Debug|Any CPU
		{D3C61B19-1309-4AB1-8419-0E54357BDFDD}.Debug|iPhone.ActiveCfg = Debug|Any CPU
		{D3C61B19-1309-4AB1-8419-0E54357BDFDD}.Debug|iPhone.Build.0 = Debug|Any CPU
		{D3C61B19-1309-4AB1-8419-0E54357BDFDD}.Debug|iPhone.Deploy.0 = Debug|Any CPU
		{D3C61B19-1309-4AB1-8419-0E54357BDFDD}.Debug|iPhoneSimulator.ActiveCfg = Debug|Any CPU
		{D3C61B19-1309-4AB1-8419-0E54357BDFDD}.Debug|iPhoneSimulator.Build.0 = Debug|Any CPU
		{D3C61B19-1309-4AB1-8419-0E54357BDFDD}.Debug|iPhoneSimulator.Deploy.0 = Debug|Any CPU
		{D3C61B19-1309-4AB1-8419-0E54357BDFDD}.Debug|x64.ActiveCfg = Debug|Any CPU
		{D3C61B19-1309-4AB1-8419-0E54357BDFDD}.Debug|x64.Build.0 = Debug|Any CPU
		{D3C61B19-1309-4AB1-8419-0E54357BDFDD}.Debug|x64.Deploy.0 = Debug|Any CPU
		{D3C61B19-1309-4AB1-8419-0E54357BDFDD}.Debug|x86.ActiveCfg = Debug|Any CPU
		{D3C61B19-1309-4AB1-8419-0E54357BDFDD}.Debug|x86.Build.0 = Debug|Any CPU
		{D3C61B19-1309-4AB1-8419-0E54357BDFDD}.Debug|x86.Deploy.0 = Debug|Any CPU
		{D3C61B19-1309-4AB1-8419-0E54357BDFDD}.Release|Any CPU.ActiveCfg = Release|Any CPU
		{D3C61B19-1309-4AB1-8419-0E54357BDFDD}.Release|Any CPU.Build.0 = Release|Any CPU
		{D3C61B19-1309-4AB1-8419-0E54357BDFDD}.Release|Any CPU.Deploy.0 = Release|Any CPU
		{D3C61B19-1309-4AB1-8419-0E54357BDFDD}.Release|ARM.ActiveCfg = Release|Any CPU
		{D3C61B19-1309-4AB1-8419-0E54357BDFDD}.Release|ARM.Build.0 = Release|Any CPU
		{D3C61B19-1309-4AB1-8419-0E54357BDFDD}.Release|ARM.Deploy.0 = Release|Any CPU
		{D3C61B19-1309-4AB1-8419-0E54357BDFDD}.Release|iPhone.ActiveCfg = Release|Any CPU
		{D3C61B19-1309-4AB1-8419-0E54357BDFDD}.Release|iPhone.Build.0 = Release|Any CPU
		{D3C61B19-1309-4AB1-8419-0E54357BDFDD}.Release|iPhone.Deploy.0 = Release|Any CPU
		{D3C61B19-1309-4AB1-8419-0E54357BDFDD}.Release|iPhoneSimulator.ActiveCfg = Release|Any CPU
		{D3C61B19-1309-4AB1-8419-0E54357BDFDD}.Release|iPhoneSimulator.Build.0 = Release|Any CPU
		{D3C61B19-1309-4AB1-8419-0E54357BDFDD}.Release|iPhoneSimulator.Deploy.0 = Release|Any CPU
		{D3C61B19-1309-4AB1-8419-0E54357BDFDD}.Release|x64.ActiveCfg = Release|Any CPU
		{D3C61B19-1309-4AB1-8419-0E54357BDFDD}.Release|x64.Build.0 = Release|Any CPU
		{D3C61B19-1309-4AB1-8419-0E54357BDFDD}.Release|x64.Deploy.0 = Release|Any CPU
		{D3C61B19-1309-4AB1-8419-0E54357BDFDD}.Release|x86.ActiveCfg = Release|Any CPU
		{D3C61B19-1309-4AB1-8419-0E54357BDFDD}.Release|x86.Build.0 = Release|Any CPU
		{D3C61B19-1309-4AB1-8419-0E54357BDFDD}.Release|x86.Deploy.0 = Release|Any CPU
		{57281AEF-4D13-410A-8C00-BFBDD02BC5E8}.Ad-Hoc|Any CPU.ActiveCfg = Release|Any CPU
		{57281AEF-4D13-410A-8C00-BFBDD02BC5E8}.Ad-Hoc|Any CPU.Build.0 = Release|Any CPU
		{57281AEF-4D13-410A-8C00-BFBDD02BC5E8}.Ad-Hoc|ARM.ActiveCfg = Release|Any CPU
		{57281AEF-4D13-410A-8C00-BFBDD02BC5E8}.Ad-Hoc|ARM.Build.0 = Release|Any CPU
		{57281AEF-4D13-410A-8C00-BFBDD02BC5E8}.Ad-Hoc|iPhone.ActiveCfg = Release|Any CPU
		{57281AEF-4D13-410A-8C00-BFBDD02BC5E8}.Ad-Hoc|iPhone.Build.0 = Release|Any CPU
		{57281AEF-4D13-410A-8C00-BFBDD02BC5E8}.Ad-Hoc|iPhoneSimulator.ActiveCfg = Release|Any CPU
		{57281AEF-4D13-410A-8C00-BFBDD02BC5E8}.Ad-Hoc|iPhoneSimulator.Build.0 = Release|Any CPU
		{57281AEF-4D13-410A-8C00-BFBDD02BC5E8}.Ad-Hoc|x64.ActiveCfg = Release|Any CPU
		{57281AEF-4D13-410A-8C00-BFBDD02BC5E8}.Ad-Hoc|x64.Build.0 = Release|Any CPU
		{57281AEF-4D13-410A-8C00-BFBDD02BC5E8}.Ad-Hoc|x86.ActiveCfg = Release|Any CPU
		{57281AEF-4D13-410A-8C00-BFBDD02BC5E8}.Ad-Hoc|x86.Build.0 = Release|Any CPU
		{57281AEF-4D13-410A-8C00-BFBDD02BC5E8}.AppStore|Any CPU.ActiveCfg = Release|Any CPU
		{57281AEF-4D13-410A-8C00-BFBDD02BC5E8}.AppStore|Any CPU.Build.0 = Release|Any CPU
		{57281AEF-4D13-410A-8C00-BFBDD02BC5E8}.AppStore|ARM.ActiveCfg = Release|Any CPU
		{57281AEF-4D13-410A-8C00-BFBDD02BC5E8}.AppStore|ARM.Build.0 = Release|Any CPU
		{57281AEF-4D13-410A-8C00-BFBDD02BC5E8}.AppStore|iPhone.ActiveCfg = Release|Any CPU
		{57281AEF-4D13-410A-8C00-BFBDD02BC5E8}.AppStore|iPhone.Build.0 = Release|Any CPU
		{57281AEF-4D13-410A-8C00-BFBDD02BC5E8}.AppStore|iPhoneSimulator.ActiveCfg = Release|Any CPU
		{57281AEF-4D13-410A-8C00-BFBDD02BC5E8}.AppStore|iPhoneSimulator.Build.0 = Release|Any CPU
		{57281AEF-4D13-410A-8C00-BFBDD02BC5E8}.AppStore|x64.ActiveCfg = Release|Any CPU
		{57281AEF-4D13-410A-8C00-BFBDD02BC5E8}.AppStore|x64.Build.0 = Release|Any CPU
		{57281AEF-4D13-410A-8C00-BFBDD02BC5E8}.AppStore|x86.ActiveCfg = Release|Any CPU
		{57281AEF-4D13-410A-8C00-BFBDD02BC5E8}.AppStore|x86.Build.0 = Release|Any CPU
		{57281AEF-4D13-410A-8C00-BFBDD02BC5E8}.Debug|Any CPU.ActiveCfg = Debug|Any CPU
		{57281AEF-4D13-410A-8C00-BFBDD02BC5E8}.Debug|Any CPU.Build.0 = Debug|Any CPU
		{57281AEF-4D13-410A-8C00-BFBDD02BC5E8}.Debug|ARM.ActiveCfg = Debug|Any CPU
		{57281AEF-4D13-410A-8C00-BFBDD02BC5E8}.Debug|ARM.Build.0 = Debug|Any CPU
		{57281AEF-4D13-410A-8C00-BFBDD02BC5E8}.Debug|iPhone.ActiveCfg = Debug|Any CPU
		{57281AEF-4D13-410A-8C00-BFBDD02BC5E8}.Debug|iPhone.Build.0 = Debug|Any CPU
		{57281AEF-4D13-410A-8C00-BFBDD02BC5E8}.Debug|iPhoneSimulator.ActiveCfg = Debug|Any CPU
		{57281AEF-4D13-410A-8C00-BFBDD02BC5E8}.Debug|iPhoneSimulator.Build.0 = Debug|Any CPU
		{57281AEF-4D13-410A-8C00-BFBDD02BC5E8}.Debug|x64.ActiveCfg = Debug|Any CPU
		{57281AEF-4D13-410A-8C00-BFBDD02BC5E8}.Debug|x64.Build.0 = Debug|Any CPU
		{57281AEF-4D13-410A-8C00-BFBDD02BC5E8}.Debug|x86.ActiveCfg = Debug|Any CPU
		{57281AEF-4D13-410A-8C00-BFBDD02BC5E8}.Debug|x86.Build.0 = Debug|Any CPU
		{57281AEF-4D13-410A-8C00-BFBDD02BC5E8}.Release|Any CPU.ActiveCfg = Release|Any CPU
		{57281AEF-4D13-410A-8C00-BFBDD02BC5E8}.Release|Any CPU.Build.0 = Release|Any CPU
		{57281AEF-4D13-410A-8C00-BFBDD02BC5E8}.Release|ARM.ActiveCfg = Release|Any CPU
		{57281AEF-4D13-410A-8C00-BFBDD02BC5E8}.Release|ARM.Build.0 = Release|Any CPU
		{57281AEF-4D13-410A-8C00-BFBDD02BC5E8}.Release|iPhone.ActiveCfg = Release|Any CPU
		{57281AEF-4D13-410A-8C00-BFBDD02BC5E8}.Release|iPhone.Build.0 = Release|Any CPU
		{57281AEF-4D13-410A-8C00-BFBDD02BC5E8}.Release|iPhoneSimulator.ActiveCfg = Release|Any CPU
		{57281AEF-4D13-410A-8C00-BFBDD02BC5E8}.Release|iPhoneSimulator.Build.0 = Release|Any CPU
		{57281AEF-4D13-410A-8C00-BFBDD02BC5E8}.Release|x64.ActiveCfg = Release|Any CPU
		{57281AEF-4D13-410A-8C00-BFBDD02BC5E8}.Release|x64.Build.0 = Release|Any CPU
		{57281AEF-4D13-410A-8C00-BFBDD02BC5E8}.Release|x86.ActiveCfg = Release|Any CPU
		{57281AEF-4D13-410A-8C00-BFBDD02BC5E8}.Release|x86.Build.0 = Release|Any CPU
		{FDF23713-848B-4EEE-8E78-404B1C81EA25}.Ad-Hoc|Any CPU.ActiveCfg = Release|Any CPU
		{FDF23713-848B-4EEE-8E78-404B1C81EA25}.Ad-Hoc|Any CPU.Build.0 = Release|Any CPU
		{FDF23713-848B-4EEE-8E78-404B1C81EA25}.Ad-Hoc|Any CPU.Deploy.0 = Release|Any CPU
		{FDF23713-848B-4EEE-8E78-404B1C81EA25}.Ad-Hoc|ARM.ActiveCfg = Release|ARM
		{FDF23713-848B-4EEE-8E78-404B1C81EA25}.Ad-Hoc|ARM.Build.0 = Release|ARM
		{FDF23713-848B-4EEE-8E78-404B1C81EA25}.Ad-Hoc|ARM.Deploy.0 = Release|ARM
		{FDF23713-848B-4EEE-8E78-404B1C81EA25}.Ad-Hoc|iPhone.ActiveCfg = Release|Any CPU
		{FDF23713-848B-4EEE-8E78-404B1C81EA25}.Ad-Hoc|iPhone.Build.0 = Release|Any CPU
		{FDF23713-848B-4EEE-8E78-404B1C81EA25}.Ad-Hoc|iPhone.Deploy.0 = Release|Any CPU
		{FDF23713-848B-4EEE-8E78-404B1C81EA25}.Ad-Hoc|iPhoneSimulator.ActiveCfg = Release|Any CPU
		{FDF23713-848B-4EEE-8E78-404B1C81EA25}.Ad-Hoc|iPhoneSimulator.Build.0 = Release|Any CPU
		{FDF23713-848B-4EEE-8E78-404B1C81EA25}.Ad-Hoc|iPhoneSimulator.Deploy.0 = Release|Any CPU
		{FDF23713-848B-4EEE-8E78-404B1C81EA25}.Ad-Hoc|x64.ActiveCfg = Release|Any CPU
		{FDF23713-848B-4EEE-8E78-404B1C81EA25}.Ad-Hoc|x64.Build.0 = Release|Any CPU
		{FDF23713-848B-4EEE-8E78-404B1C81EA25}.Ad-Hoc|x64.Deploy.0 = Release|Any CPU
		{FDF23713-848B-4EEE-8E78-404B1C81EA25}.Ad-Hoc|x86.ActiveCfg = Release|x86
		{FDF23713-848B-4EEE-8E78-404B1C81EA25}.Ad-Hoc|x86.Build.0 = Release|x86
		{FDF23713-848B-4EEE-8E78-404B1C81EA25}.Ad-Hoc|x86.Deploy.0 = Release|x86
		{FDF23713-848B-4EEE-8E78-404B1C81EA25}.AppStore|Any CPU.ActiveCfg = Release|Any CPU
		{FDF23713-848B-4EEE-8E78-404B1C81EA25}.AppStore|Any CPU.Build.0 = Release|Any CPU
		{FDF23713-848B-4EEE-8E78-404B1C81EA25}.AppStore|Any CPU.Deploy.0 = Release|Any CPU
		{FDF23713-848B-4EEE-8E78-404B1C81EA25}.AppStore|ARM.ActiveCfg = Release|ARM
		{FDF23713-848B-4EEE-8E78-404B1C81EA25}.AppStore|ARM.Build.0 = Release|ARM
		{FDF23713-848B-4EEE-8E78-404B1C81EA25}.AppStore|ARM.Deploy.0 = Release|ARM
		{FDF23713-848B-4EEE-8E78-404B1C81EA25}.AppStore|iPhone.ActiveCfg = Release|Any CPU
		{FDF23713-848B-4EEE-8E78-404B1C81EA25}.AppStore|iPhone.Build.0 = Release|Any CPU
		{FDF23713-848B-4EEE-8E78-404B1C81EA25}.AppStore|iPhone.Deploy.0 = Release|Any CPU
		{FDF23713-848B-4EEE-8E78-404B1C81EA25}.AppStore|iPhoneSimulator.ActiveCfg = Release|Any CPU
		{FDF23713-848B-4EEE-8E78-404B1C81EA25}.AppStore|iPhoneSimulator.Build.0 = Release|Any CPU
		{FDF23713-848B-4EEE-8E78-404B1C81EA25}.AppStore|iPhoneSimulator.Deploy.0 = Release|Any CPU
		{FDF23713-848B-4EEE-8E78-404B1C81EA25}.AppStore|x64.ActiveCfg = Release|Any CPU
		{FDF23713-848B-4EEE-8E78-404B1C81EA25}.AppStore|x64.Build.0 = Release|Any CPU
		{FDF23713-848B-4EEE-8E78-404B1C81EA25}.AppStore|x64.Deploy.0 = Release|Any CPU
		{FDF23713-848B-4EEE-8E78-404B1C81EA25}.AppStore|x86.ActiveCfg = Release|x86
		{FDF23713-848B-4EEE-8E78-404B1C81EA25}.AppStore|x86.Build.0 = Release|x86
		{FDF23713-848B-4EEE-8E78-404B1C81EA25}.AppStore|x86.Deploy.0 = Release|x86
		{FDF23713-848B-4EEE-8E78-404B1C81EA25}.Debug|Any CPU.ActiveCfg = Debug|Any CPU
		{FDF23713-848B-4EEE-8E78-404B1C81EA25}.Debug|Any CPU.Build.0 = Debug|Any CPU
		{FDF23713-848B-4EEE-8E78-404B1C81EA25}.Debug|Any CPU.Deploy.0 = Debug|Any CPU
		{FDF23713-848B-4EEE-8E78-404B1C81EA25}.Debug|ARM.ActiveCfg = Debug|ARM
		{FDF23713-848B-4EEE-8E78-404B1C81EA25}.Debug|ARM.Build.0 = Debug|ARM
		{FDF23713-848B-4EEE-8E78-404B1C81EA25}.Debug|ARM.Deploy.0 = Debug|ARM
		{FDF23713-848B-4EEE-8E78-404B1C81EA25}.Debug|iPhone.ActiveCfg = Debug|Any CPU
		{FDF23713-848B-4EEE-8E78-404B1C81EA25}.Debug|iPhone.Build.0 = Debug|Any CPU
		{FDF23713-848B-4EEE-8E78-404B1C81EA25}.Debug|iPhone.Deploy.0 = Debug|Any CPU
		{FDF23713-848B-4EEE-8E78-404B1C81EA25}.Debug|iPhoneSimulator.ActiveCfg = Debug|Any CPU
		{FDF23713-848B-4EEE-8E78-404B1C81EA25}.Debug|iPhoneSimulator.Build.0 = Debug|Any CPU
		{FDF23713-848B-4EEE-8E78-404B1C81EA25}.Debug|iPhoneSimulator.Deploy.0 = Debug|Any CPU
		{FDF23713-848B-4EEE-8E78-404B1C81EA25}.Debug|x64.ActiveCfg = Debug|Any CPU
		{FDF23713-848B-4EEE-8E78-404B1C81EA25}.Debug|x64.Build.0 = Debug|Any CPU
		{FDF23713-848B-4EEE-8E78-404B1C81EA25}.Debug|x64.Deploy.0 = Debug|Any CPU
		{FDF23713-848B-4EEE-8E78-404B1C81EA25}.Debug|x86.ActiveCfg = Debug|x86
		{FDF23713-848B-4EEE-8E78-404B1C81EA25}.Debug|x86.Build.0 = Debug|x86
		{FDF23713-848B-4EEE-8E78-404B1C81EA25}.Debug|x86.Deploy.0 = Debug|x86
		{FDF23713-848B-4EEE-8E78-404B1C81EA25}.Release|Any CPU.ActiveCfg = Release|Any CPU
		{FDF23713-848B-4EEE-8E78-404B1C81EA25}.Release|Any CPU.Build.0 = Release|Any CPU
		{FDF23713-848B-4EEE-8E78-404B1C81EA25}.Release|Any CPU.Deploy.0 = Release|Any CPU
		{FDF23713-848B-4EEE-8E78-404B1C81EA25}.Release|ARM.ActiveCfg = Release|ARM
		{FDF23713-848B-4EEE-8E78-404B1C81EA25}.Release|ARM.Build.0 = Release|ARM
		{FDF23713-848B-4EEE-8E78-404B1C81EA25}.Release|ARM.Deploy.0 = Release|ARM
		{FDF23713-848B-4EEE-8E78-404B1C81EA25}.Release|iPhone.ActiveCfg = Release|Any CPU
		{FDF23713-848B-4EEE-8E78-404B1C81EA25}.Release|iPhone.Build.0 = Release|Any CPU
		{FDF23713-848B-4EEE-8E78-404B1C81EA25}.Release|iPhone.Deploy.0 = Release|Any CPU
		{FDF23713-848B-4EEE-8E78-404B1C81EA25}.Release|iPhoneSimulator.ActiveCfg = Release|Any CPU
		{FDF23713-848B-4EEE-8E78-404B1C81EA25}.Release|iPhoneSimulator.Build.0 = Release|Any CPU
		{FDF23713-848B-4EEE-8E78-404B1C81EA25}.Release|iPhoneSimulator.Deploy.0 = Release|Any CPU
		{FDF23713-848B-4EEE-8E78-404B1C81EA25}.Release|x64.ActiveCfg = Release|Any CPU
		{FDF23713-848B-4EEE-8E78-404B1C81EA25}.Release|x64.Build.0 = Release|Any CPU
		{FDF23713-848B-4EEE-8E78-404B1C81EA25}.Release|x64.Deploy.0 = Release|Any CPU
		{FDF23713-848B-4EEE-8E78-404B1C81EA25}.Release|x86.ActiveCfg = Release|x86
		{FDF23713-848B-4EEE-8E78-404B1C81EA25}.Release|x86.Build.0 = Release|x86
		{FDF23713-848B-4EEE-8E78-404B1C81EA25}.Release|x86.Deploy.0 = Release|x86
	EndGlobalSection
	GlobalSection(SolutionProperties) = preSolution
		HideSolutionNode = FALSE
	EndGlobalSection
EndGlobal
